{
  "name": "skylark-slax-runtime",
  "version": "0.9.0",
  "lockfileVersion": 1,
  "requires": true,
  "dependencies": {
    "skylark-ajaxfy-routers": {
      "version": "git+https://github.com/skylark-ajaxfy/skylark-ajaxfy-routers.git#af35c1dc248f3025e9bb98067286722f6832a31c",
      "from": "git+https://github.com/skylark-ajaxfy/skylark-ajaxfy-routers.git#master",
      "requires": {
        "skylark-langx": "git+https://github.com/skylark-langx/skylark-langx.git#master"
      }
    },
    "skylark-ajaxfy-spa": {
      "version": "git+https://github.com/skylark-ajaxfy/skylark-ajaxfy-spa.git#b790f335b67777460a34e2b4aad1a5cb6ceb60fa",
      "from": "git+https://github.com/skylark-ajaxfy/skylark-ajaxfy-spa.git#master",
      "requires": {
        "skylark-ajaxfy-routers": "git+https://github.com/skylark-ajaxfy/skylark-ajaxfy-routers.git#master",
        "skylark-langx": "git+https://github.com/skylark-langx/skylark-langx.git#master"
      }
    },
    "skylark-data-color": {
      "version": "git+https://github.com/skylark-data/skylark-data-color.git#960c9057fefd2d375e8e7c7b2c2d2bcb0f87aaad",
      "from": "git+https://github.com/skylark-data/skylark-data-color.git#master"
    },
    "skylark-data-entities": {
      "version": "git+https://github.com/skylark-data/skylark-data-entities.git#886cf6f326833e32a6fee52c9528a6bdcc6394ba",
      "from": "git+https://github.com/skylark-data/skylark-data-entities.git#master",
      "requires": {
        "skylark-langx": "git+https://github.com/skylark-langx/skylark-langx.git#master"
      }
    },
    "skylark-data-streams": {
      "version": "git+https://github.com/skylark-data/skylark-data-streams.git#9d141243726251656219826bc51b9674b480734e",
      "from": "git+https://github.com/skylark-data/skylark-data-streams.git#master",
      "requires": {
        "skylark-langx": "git+https://github.com/skylark-langx/skylark-langx.git#master"
      }
    },
    "skylark-data-zip": {
      "version": "git+https://github.com/skylark-data/skylark-data-zip.git#29c0460b30e11a71566624b11ae349edd967b09a",
      "from": "git+https://github.com/skylark-data/skylark-data-zip.git#master"
    },
    "skylark-domx": {
      "version": "git+https://github.com/skylark-domx/skylark-domx-images.git#68d86738c25df31292ef4c66af53de0f2f6e9d8a",
      "from": "git+https://github.com/skylark-domx/skylark-domx-images.git#master",
      "requires": {
        "skylark-domx-data": "git+https://github.com/skylark-domx/skylark-domx-data.git#master",
        "skylark-domx-eventer": "git+https://github.com/skylark-domx/skylark-domx-eventer.git#master",
        "skylark-domx-finder": "git+https://github.com/skylark-domx/skylark-domx-finder.git#master",
        "skylark-domx-geom": "git+https://github.com/skylark-domx/skylark-domx-geom.git#master",
        "skylark-domx-noder": "git+https://github.com/skylark-domx/skylark-domx-noder.git#master",
        "skylark-domx-query": "git+https://github.com/skylark-domx/skylark-domx-query.git#master",
        "skylark-domx-styler": "git+https://github.com/skylark-domx/skylark-domx-styler.git#master",
        "skylark-domx-transforms": "git+https://github.com/skylark-domx/skylark-domx-transforms.git#master",
        "skylark-langx": "git+https://github.com/skylark-langx/skylark-langx.git#master"
      }
    },
    "skylark-domx-browser": {
      "version": "git+https://github.com/skylark-domx/skylark-domx-browser.git#3115f42214ee7732cd31bce65f376235b16d0402",
      "from": "git+https://github.com/skylark-domx/skylark-domx-browser.git#master",
      "requires": {
        "skylark-langx": "git+https://github.com/skylark-langx/skylark-langx.git#master"
      }
    },
    "skylark-domx-colorpicker": {
      "version": "git+https://github.com/skylark-domx/skylark-domx-colorpicker.git#68882d5bc2dc05c8a64fcc61ca2cdbc162cf4add",
      "from": "git+https://github.com/skylark-domx/skylark-domx-colorpicker.git#master",
      "requires": {
        "skylark-data-color": "git+https://github.com/skylark-data/skylark-data-color.git#master",
        "skylark-domx-eventer": "git+https://github.com/skylark-domx/skylark-domx-eventer.git#master",
        "skylark-domx-fx": "git+https://github.com/skylark-domx/skylark-domx-fx.git#master",
        "skylark-domx-interact": "git+https://github.com/skylark-domx/skylark-domx-interact.git#master",
        "skylark-domx-query": "git+https://github.com/skylark-domx/skylark-domx-query.git#master",
        "skylark-domx-styler": "git+https://github.com/skylark-domx/skylark-domx-styler.git#master",
        "skylark-langx": "git+https://github.com/skylark-langx/skylark-langx.git#master"
      }
    },
    "skylark-domx-data": {
      "version": "git+https://github.com/skylark-domx/skylark-domx-data.git#cb2ab7ec1db48cf27ad6f3b1e6613e109c4ac2a5",
      "from": "git+https://github.com/skylark-domx/skylark-domx-data.git#master",
      "requires": {
        "skylark-domx-finder": "git+https://github.com/skylark-domx/skylark-domx-finder.git#master",
        "skylark-domx-noder": "git+https://github.com/skylark-domx/skylark-domx-noder.git#master",
        "skylark-domx-query": "git+https://github.com/skylark-domx/skylark-domx-query.git#master",
        "skylark-domx-velm": "git+https://github.com/skylark-domx/skylark-domx-velm.git#master",
        "skylark-langx": "git+https://github.com/skylark-langx/skylark-langx.git#master"
      }
    },
    "skylark-domx-eventer": {
      "version": "git+https://github.com/skylark-domx/skylark-domx-eventer.git#2271e683219aa38fd3ccf78fcb0c89add3a1854f",
      "from": "git+https://github.com/skylark-domx/skylark-domx-eventer.git#master",
      "requires": {
        "skylark-domx-browser": "git+https://github.com/skylark-domx/skylark-domx-browser.git#master",
        "skylark-domx-data": "git+https://github.com/skylark-domx/skylark-domx-data.git#master",
        "skylark-domx-finder": "git+https://github.com/skylark-domx/skylark-domx-finder.git#master",
        "skylark-domx-noder": "git+https://github.com/skylark-domx/skylark-domx-noder.git#master",
        "skylark-domx-query": "git+https://github.com/skylark-domx/skylark-domx-query.git#master",
        "skylark-domx-velm": "git+https://github.com/skylark-domx/skylark-domx-velm.git#master",
        "skylark-langx": "git+https://github.com/skylark-langx/skylark-langx.git#master"
      }
    },
    "skylark-domx-files": {
      "version": "git+https://github.com/skylark-domx/skylark-domx-files.git#b98ac5cdde1fe43ccf754df00f4fa03772648d85",
      "from": "git+https://github.com/skylark-domx/skylark-domx-files.git#master",
      "requires": {
        "skylark-domx-eventer": "git+https://github.com/skylark-domx/skylark-domx-eventer.git#master",
        "skylark-domx-plugins": "git+https://github.com/skylark-domx/skylark-domx-plugins.git#master",
        "skylark-domx-query": "git+https://github.com/skylark-domx/skylark-domx-query.git#master",
        "skylark-domx-styler": "git+https://github.com/skylark-domx/skylark-domx-styler.git#master",
        "skylark-domx-velm": "git+https://github.com/skylark-domx/skylark-domx-velm.git#master",
        "skylark-io-diskfs": "git+https://github.com/skylark-io/skylark-io-diskfs.git#master",
        "skylark-langx": "git+https://github.com/skylark-langx/skylark-langx.git#master",
        "skylark-net-http": "git+https://github.com/skylark-net/skylark-net-http.git#master"
      }
    },
    "skylark-domx-finder": {
      "version": "git+https://github.com/skylark-domx/skylark-domx-finder.git#8c371f550ef49c20170700693ff9b3e77df2ba39",
      "from": "git+https://github.com/skylark-domx/skylark-domx-finder.git#master",
      "requires": {
        "skylark-domx-browser": "git+https://github.com/skylark-domx/skylark-domx-browser.git#master",
        "skylark-domx-noder": "git+https://github.com/skylark-domx/skylark-domx-noder.git#master",
        "skylark-langx": "git+https://github.com/skylark-langx/skylark-langx.git#master"
      }
    },
    "skylark-domx-forms": {
      "version": "git+https://github.com/skylark-domx/skylark-domx-forms.git#9c59df9cd18cc5d46ee24d8ac513224a7fc66655",
      "from": "git+https://github.com/skylark-domx/skylark-domx-forms.git#master",
      "requires": {
        "skylark-domx-data": "git+https://github.com/skylark-domx/skylark-domx-data.git#master",
        "skylark-domx-query": "git+https://github.com/skylark-domx/skylark-domx-query.git#master",
        "skylark-domx-velm": "git+https://github.com/skylark-domx/skylark-domx-velm.git#master",
        "skylark-langx": "git+https://github.com/skylark-langx/skylark-langx.git#master"
      }
    },
    "skylark-domx-fx": {
      "version": "git+https://github.com/skylark-domx/skylark-domx-fx.git#579bf199aaa6c8f1a2e06ffb6d0f8ceaa9972e24",
      "from": "git+https://github.com/skylark-domx/skylark-domx-fx.git#master",
      "requires": {
        "skylark-domx-browser": "git+https://github.com/skylark-domx/skylark-domx-browser.git#master",
        "skylark-domx-eventer": "git+https://github.com/skylark-domx/skylark-domx-eventer.git#master",
        "skylark-domx-geom": "git+https://github.com/skylark-domx/skylark-domx-geom.git#master",
        "skylark-domx-noder": "git+https://github.com/skylark-domx/skylark-domx-noder.git#master",
        "skylark-domx-query": "git+https://github.com/skylark-domx/skylark-domx-query.git#master",
        "skylark-domx-styler": "git+https://github.com/skylark-domx/skylark-domx-styler.git#master",
        "skylark-domx-velm": "git+https://github.com/skylark-domx/skylark-domx-velm.git#master",
        "skylark-langx": "git+https://github.com/skylark-langx/skylark-langx.git#master"
      }
    },
    "skylark-domx-geom": {
      "version": "git+https://github.com/skylark-domx/skylark-domx-geom.git#293b85c761c4a70908249ae084ae4c0646528b4d",
      "from": "git+https://github.com/skylark-domx/skylark-domx-geom.git#master",
      "requires": {
        "skylark-domx-noder": "git+https://github.com/skylark-domx/skylark-domx-noder.git#master",
        "skylark-domx-query": "git+https://github.com/skylark-domx/skylark-domx-query.git#master",
        "skylark-domx-styler": "git+https://github.com/skylark-domx/skylark-domx-styler.git#master",
        "skylark-domx-velm": "git+https://github.com/skylark-domx/skylark-domx-velm.git#master",
        "skylark-langx": "git+https://github.com/skylark-langx/skylark-langx.git#master"
      }
    },
    "skylark-domx-gradienter": {
      "version": "git+https://github.com/skylark-widgets/skylark-domx-gradienter.git#57e123aa2506dcf7fb98418880998d0d785526fa",
      "from": "git+https://github.com/skylark-widgets/skylark-domx-gradienter.git#master",
      "requires": {
        "skylark-data-color": "git+https://github.com/skylark-data/skylark-data-color.git#master",
        "skylark-domx-colorpicker": "git+https://github.com/skylark-domx/skylark-domx-colorpicker.git#master",
        "skylark-domx-interact": "git+https://github.com/skylark-domx/skylark-domx-interact.git#master",
        "skylark-langx": "git+https://github.com/skylark-langx/skylark-langx.git#master"
      }
    },
    "skylark-domx-images": {
      "version": "git+https://github.com/skylark-domx/skylark-domx-images.git#68d86738c25df31292ef4c66af53de0f2f6e9d8a",
      "from": "git+https://github.com/skylark-domx/skylark-domx-images.git#master",
      "requires": {
        "skylark-domx-data": "git+https://github.com/skylark-domx/skylark-domx-data.git#master",
        "skylark-domx-eventer": "git+https://github.com/skylark-domx/skylark-domx-eventer.git#master",
        "skylark-domx-finder": "git+https://github.com/skylark-domx/skylark-domx-finder.git#master",
        "skylark-domx-geom": "git+https://github.com/skylark-domx/skylark-domx-geom.git#master",
        "skylark-domx-noder": "git+https://github.com/skylark-domx/skylark-domx-noder.git#master",
        "skylark-domx-query": "git+https://github.com/skylark-domx/skylark-domx-query.git#master",
        "skylark-domx-styler": "git+https://github.com/skylark-domx/skylark-domx-styler.git#master",
        "skylark-domx-transforms": "git+https://github.com/skylark-domx/skylark-domx-transforms.git#master",
        "skylark-langx": "git+https://github.com/skylark-langx/skylark-langx.git#master"
      }
    },
    "skylark-domx-interact": {
      "version": "git+https://github.com/skylark-domx/skylark-domx-interact.git#f08aef283ffc1541db3754b8dfdc185604240af7",
      "from": "git+https://github.com/skylark-domx/skylark-domx-interact.git#master",
      "requires": {
        "skylark-domx-data": "git+https://github.com/skylark-domx/skylark-domx-data.git#master",
        "skylark-domx-eventer": "git+https://github.com/skylark-domx/skylark-domx-eventer.git#master",
        "skylark-domx-finder": "git+https://github.com/skylark-domx/skylark-domx-finder.git#master",
        "skylark-domx-fx": "git+https://github.com/skylark-domx/skylark-domx-fx.git#master",
        "skylark-domx-geom": "git+https://github.com/skylark-domx/skylark-domx-geom.git#master",
        "skylark-domx-noder": "git+https://github.com/skylark-domx/skylark-domx-noder.git#master",
        "skylark-domx-plugins": "git+https://github.com/skylark-domx/skylark-domx-plugins.git#master",
        "skylark-domx-query": "git+https://github.com/skylark-domx/skylark-domx-query.git#master",
        "skylark-domx-styler": "git+https://github.com/skylark-domx/skylark-domx-styler.git#master",
        "skylark-domx-velm": "git+https://github.com/skylark-domx/skylark-domx-velm.git#master",
        "skylark-langx": "git+https://github.com/skylark-langx/skylark-langx.git#master"
      }
    },
    "skylark-domx-noder": {
      "version": "git+https://github.com/skylark-domx/skylark-domx-noder.git#d881b78f4907feb35129a28709e87914beaa853a",
      "from": "git+https://github.com/skylark-domx/skylark-domx-noder.git#master",
      "requires": {
        "skylark-domx-browser": "git+https://github.com/skylark-domx/skylark-domx-browser.git#master",
        "skylark-langx": "git+https://github.com/skylark-langx/skylark-langx.git#master"
      }
    },
    "skylark-domx-plugins": {
      "version": "git+https://github.com/skylark-domx/skylark-domx-plugins.git#bc94da3468e1d45baff8fa1af66af5a7bcba4083",
      "from": "git+https://github.com/skylark-domx/skylark-domx-plugins.git#master",
      "requires": {
        "skylark-domx-data": "git+https://github.com/skylark-domx/skylark-domx-data.git#master",
        "skylark-domx-eventer": "git+https://github.com/skylark-domx/skylark-domx-eventer.git#master",
        "skylark-domx-finder": "git+https://github.com/skylark-domx/skylark-domx-finder.git#master",
        "skylark-domx-fx": "git+https://github.com/skylark-domx/skylark-domx-fx.git#master",
        "skylark-domx-geom": "git+https://github.com/skylark-domx/skylark-domx-geom.git#master",
        "skylark-domx-noder": "git+https://github.com/skylark-domx/skylark-domx-noder.git#master",
        "skylark-domx-query": "git+https://github.com/skylark-domx/skylark-domx-query.git#master",
        "skylark-domx-styler": "git+https://github.com/skylark-domx/skylark-domx-styler.git#master",
        "skylark-domx-velm": "git+https://github.com/skylark-domx/skylark-domx-velm.git#master",
        "skylark-langx": "git+https://github.com/skylark-langx/skylark-langx.git#master"
      }
    },
    "skylark-domx-query": {
      "version": "git+https://github.com/skylark-domx/skylark-domx-query.git#3026da891766d10218b8b86bf3e658e9f095ea7e",
      "from": "git+https://github.com/skylark-domx/skylark-domx-query.git#master",
      "requires": {
        "skylark-domx-browser": "git+https://github.com/skylark-domx/skylark-domx-browser.git#master",
        "skylark-domx-finder": "git+https://github.com/skylark-domx/skylark-domx-finder.git#master",
        "skylark-domx-noder": "git+https://github.com/skylark-domx/skylark-domx-noder.git#master",
        "skylark-langx": "git+https://github.com/skylark-langx/skylark-langx.git#master"
      }
    },
    "skylark-domx-scripter": {
      "version": "git+https://github.com/skylark-domx/skylark-domx-scripter.git#72ef26c116cb8f73058b8b5ad9176576ae85a443",
      "from": "git+https://github.com/skylark-domx/skylark-domx-scripter.git#master",
      "requires": {
        "skylark-domx-finder": "git+https://github.com/skylark-domx/skylark-domx-finder.git#master",
        "skylark-domx-noder": "git+https://github.com/skylark-domx/skylark-domx-noder.git#master",
        "skylark-domx-query": "git+https://github.com/skylark-domx/skylark-domx-query.git#master",
        "skylark-domx-velm": "git+https://github.com/skylark-domx/skylark-domx-velm.git#master",
        "skylark-langx": "git+https://github.com/skylark-langx/skylark-langx.git#master"
      }
    },
    "skylark-domx-styler": {
      "version": "git+https://github.com/skylark-domx/skylark-domx-styler.git#939543c0d14f5b8d30bb14a5dc29286d821581bc",
      "from": "git+https://github.com/skylark-domx/skylark-domx-styler.git#master",
      "requires": {
        "skylark-domx-query": "git+https://github.com/skylark-domx/skylark-domx-query.git#master",
        "skylark-domx-velm": "git+https://github.com/skylark-domx/skylark-domx-velm.git#master",
        "skylark-langx": "git+https://github.com/skylark-langx/skylark-langx.git#master"
      }
    },
    "skylark-domx-transforms": {
      "version": "git+https://github.com/skylark-domx/skylark-domx-transforms.git#a89f29e919063e4be5b0efc2108dbfbfef3eb910",
      "from": "git+https://github.com/skylark-domx/skylark-domx-transforms.git#master",
      "requires": {
        "skylark-domx-browser": "git+https://github.com/skylark-domx/skylark-domx-browser.git#master",
        "skylark-domx-data": "git+https://github.com/skylark-domx/skylark-domx-data.git#master",
        "skylark-domx-noder": "git+https://github.com/skylark-domx/skylark-domx-noder.git#master",
        "skylark-domx-styler": "git+https://github.com/skylark-domx/skylark-domx-styler.git#master",
        "skylark-langx": "git+https://github.com/skylark-langx/skylark-langx.git#master"
      }
    },
    "skylark-domx-velm": {
      "version": "git+https://github.com/skylark-domx/skylark-domx-velm.git#76e850c8aa47015b68d94e5a57c6e02b130d3b7c",
      "from": "git+https://github.com/skylark-domx/skylark-domx-velm.git#master",
      "requires": {
        "skylark-domx-finder": "git+https://github.com/skylark-domx/skylark-domx-finder.git#master",
        "skylark-domx-noder": "git+https://github.com/skylark-domx/skylark-domx-noder.git#master",
        "skylark-domx-query": "git+https://github.com/skylark-domx/skylark-domx-query.git#master",
        "skylark-langx": "git+https://github.com/skylark-langx/skylark-langx.git#master"
      }
    },
    "skylark-io-diskfs": {
      "version": "git+https://github.com/skylark-io/skylark-io-diskfs.git#10a81ee5890df07be774df34492573820fb4a5f6",
      "from": "git+https://github.com/skylark-io/skylark-io-diskfs.git#master",
      "requires": {
        "skylark-langx": "git+https://github.com/skylark-langx/skylark-langx.git#master"
      }
    },
    "skylark-jquery": {
      "version": "git+https://github.com/skylark-integration/skylark-jquery.git#ea28cf3a6f3640a9c2210e00f26b219c77ffc55c",
      "from": "git+https://github.com/skylark-integration/skylark-jquery.git#master",
      "requires": {
        "skylark-domx-data": "git+https://github.com/skylark-domx/skylark-domx-data.git#master",
        "skylark-domx-eventer": "git+https://github.com/skylark-domx/skylark-domx-eventer.git#master",
        "skylark-domx-finder": "git+https://github.com/skylark-domx/skylark-domx-finder.git#master",
        "skylark-domx-forms": "git+https://github.com/skylark-domx/skylark-domx-forms.git#master",
        "skylark-domx-fx": "git+https://github.com/skylark-domx/skylark-domx-fx.git#master",
        "skylark-domx-geom": "git+https://github.com/skylark-domx/skylark-domx-geom.git#master",
        "skylark-domx-noder": "git+https://github.com/skylark-domx/skylark-domx-noder.git#master",
        "skylark-domx-plugins": "git+https://github.com/skylark-domx/skylark-domx-plugins.git#master",
        "skylark-domx-query": "git+https://github.com/skylark-domx/skylark-domx-query.git#master",
        "skylark-domx-scripter": "git+https://github.com/skylark-domx/skylark-domx-scripter.git#master",
        "skylark-domx-styler": "git+https://github.com/skylark-domx/skylark-domx-styler.git#master",
        "skylark-domx-velm": "git+https://github.com/skylark-domx/skylark-domx-velm.git#master",
        "skylark-langx": "git+https://github.com/skylark-langx/skylark-langx.git#master",
        "skylark-net-http": "git+https://github.com/skylark-net/skylark-net-http.git#master"
      }
    },
    "skylark-jszip": {
      "version": "git+https://github.com/skylark-data/skylark-data-zip.git#612d721b9c31bf6e202fe59635194fea21251e1e",
      "from": "git+https://github.com/skylark-data/skylark-data-zip.git#master"
    },
    "skylark-langx": {
      "version": "git+https://github.com/skylark-langx/skylark-langx.git#943006aaa22c774bed0958a20b7a953e1f460ec8",
      "from": "git+https://github.com/skylark-langx/skylark-langx.git#master",
      "requires": {
        "skylark-langx-arrays": "git+https://github.com/skylark-langx/skylark-langx-arrays.git#master",
        "skylark-langx-aspect": "git+https://github.com/skylark-langx/skylark-langx-aspect.git#master",
        "skylark-langx-async": "git+https://github.com/skylark-langx/skylark-langx-async.git#master",
        "skylark-langx-datetimes": "git+https://github.com/skylark-langx/skylark-langx-datetimes.git#master",
        "skylark-langx-emitter": "git+https://github.com/skylark-langx/skylark-langx-emitter.git#master",
        "skylark-langx-funcs": "git+https://github.com/skylark-langx/skylark-langx-funcs.git#master",
        "skylark-langx-hoster": "git+https://github.com/skylark-langx/skylark-langx-hoster.git#master",
        "skylark-langx-klass": "git+https://github.com/skylark-langx/skylark-langx-klass.git#master",
        "skylark-langx-maths": "git+https://github.com/skylark-langx/skylark-langx-maths.git#master",
        "skylark-langx-ns": "git+https://github.com/skylark-langx/skylark-langx-ns.git#master",
        "skylark-langx-numbers": "git+https://github.com/skylark-langx/skylark-langx-numbers.git#master",
        "skylark-langx-objects": "git+https://github.com/skylark-langx/skylark-langx-objects.git#master",
        "skylark-langx-strings": "git+https://github.com/skylark-langx/skylark-langx-strings.git#master",
        "skylark-langx-topic": "git+https://github.com/skylark-langx/skylark-langx-topic.git#master",
        "skylark-langx-types": "git+https://github.com/skylark-langx/skylark-langx-types.git#master"
      }
    },
    "skylark-langx-arrays": {
      "version": "git+https://github.com/skylark-langx/skylark-langx-arrays.git#46e034beb1ad156a40df722aa6529ea1907c6654",
      "from": "git+https://github.com/skylark-langx/skylark-langx-arrays.git#master",
      "requires": {
        "skylark-langx-ns": "git+https://github.com/skylark-langx/skylark-langx-ns.git#master",
        "skylark-langx-objects": "git+https://github.com/skylark-langx/skylark-langx-objects.git#master",
        "skylark-langx-types": "git+https://github.com/skylark-langx/skylark-langx-types.git#master"
      }
    },
    "skylark-langx-aspect": {
      "version": "git+https://github.com/skylark-langx/skylark-langx-aspect.git#b563751aa50a08a767993c64842d6298999d7f89",
      "from": "git+https://github.com/skylark-langx/skylark-langx-aspect.git#master",
      "requires": {
        "skylark-langx-ns": "git+https://github.com/skylark-langx/skylark-langx-ns.git#master"
      }
    },
    "skylark-langx-async": {
      "version": "git+https://github.com/skylark-langx/skylark-langx-async.git#250c620daa8e3b6d8da43d8adaed330497652743",
      "from": "git+https://github.com/skylark-langx/skylark-langx-async.git#master",
      "requires": {
        "skylark-langx-arrays": "git+https://github.com/skylark-langx/skylark-langx-arrays.git#master",
        "skylark-langx-funcs": "git+https://github.com/skylark-langx/skylark-langx-funcs.git#master",
        "skylark-langx-ns": "git+https://github.com/skylark-langx/skylark-langx-ns.git#master",
        "skylark-langx-objects": "git+https://github.com/skylark-langx/skylark-langx-objects.git#master",
        "skylark-langx-types": "git+https://github.com/skylark-langx/skylark-langx-types.git#master"
      }
    },
    "skylark-langx-datetimes": {
      "version": "git+https://github.com/skylark-langx/skylark-langx-datetimes.git#1e07f2b15d0065d9e3b2004a7f060507a9576ebd",
      "from": "git+https://github.com/skylark-langx/skylark-langx-datetimes.git#master",
      "requires": {
        "skylark-langx-ns": "git+https://github.com/skylark-langx/skylark-langx-ns.git#master"
      }
    },
    "skylark-langx-emitter": {
      "version": "git+https://github.com/skylark-langx/skylark-langx-emitter.git#506177a30d30a5d4d43f15896ed2199ff85eb8a4",
      "from": "git+https://github.com/skylark-langx/skylark-langx-emitter.git#master",
      "requires": {
        "skylark-langx-arrays": "git+https://github.com/skylark-langx/skylark-langx-arrays.git#master",
        "skylark-langx-funcs": "git+https://github.com/skylark-langx/skylark-langx-funcs.git#master",
        "skylark-langx-klass": "git+https://github.com/skylark-langx/skylark-langx-klass.git#master",
        "skylark-langx-ns": "git+https://github.com/skylark-langx/skylark-langx-ns.git#master",
        "skylark-langx-objects": "git+https://github.com/skylark-langx/skylark-langx-objects.git#master",
        "skylark-langx-types": "git+https://github.com/skylark-langx/skylark-langx-types.git#master"
      }
    },
    "skylark-langx-funcs": {
      "version": "git+https://github.com/skylark-langx/skylark-langx-funcs.git#03309cd883511dc89cb9caf9553ed02768cc63d3",
      "from": "git+https://github.com/skylark-langx/skylark-langx-funcs.git#master",
      "requires": {
        "skylark-langx-ns": "git+https://github.com/skylark-langx/skylark-langx-ns.git#master",
        "skylark-langx-objects": "git+https://github.com/skylark-langx/skylark-langx-objects.git#master",
        "skylark-langx-types": "git+https://github.com/skylark-langx/skylark-langx-types.git#master"
      }
    },
    "skylark-langx-hoster": {
      "version": "git+https://github.com/skylark-langx/skylark-langx-hoster.git#72716bfe714e4299955c6e42a90cdf8cccf5163e",
      "from": "git+https://github.com/skylark-langx/skylark-langx-hoster.git#master",
      "requires": {
        "skylark-langx-ns": "git+https://github.com/skylark-langx/skylark-langx-ns.git#master"
      }
    },
    "skylark-langx-klass": {
      "version": "git+https://github.com/skylark-langx/skylark-langx-klass.git#bee8937fad14ad9ced2ecdae8a60156964c571d2",
      "from": "git+https://github.com/skylark-langx/skylark-langx-klass.git#master",
      "requires": {
        "skylark-langx-arrays": "git+https://github.com/skylark-langx/skylark-langx-arrays.git#master",
        "skylark-langx-ns": "git+https://github.com/skylark-langx/skylark-langx-ns.git#master",
        "skylark-langx-objects": "git+https://github.com/skylark-langx/skylark-langx-objects.git#master",
        "skylark-langx-types": "git+https://github.com/skylark-langx/skylark-langx-types.git#master"
      }
    },
    "skylark-langx-maths": {
      "version": "git+https://github.com/skylark-langx/skylark-langx-maths.git#f5c9f5d91c9f2a0e09761113606e7b11f0351bd6",
      "from": "git+https://github.com/skylark-langx/skylark-langx-maths.git#master",
      "requires": {
        "skylark-langx-ns": "git+https://github.com/skylark-langx/skylark-langx-ns.git#master",
        "skylark-langx-types": "git+https://github.com/skylark-langx/skylark-langx-types.git#master"
      }
    },
    "skylark-langx-ns": {
      "version": "git+https://github.com/skylark-langx/skylark-langx-ns.git#a2c2d17dd695e6a11de77d82a0a050da8ffd2759",
      "from": "git+https://github.com/skylark-langx/skylark-langx-ns.git#master"
    },
    "skylark-langx-numbers": {
      "version": "git+https://github.com/skylark-langx/skylark-langx-numbers.git#bfdd3da59d9ce34c5bcdd3cff631dc4ca9e86da6",
      "from": "git+https://github.com/skylark-langx/skylark-langx-numbers.git#master",
      "requires": {
        "skylark-langx-maths": "git+https://github.com/skylark-langx/skylark-langx-maths.git#master",
        "skylark-langx-ns": "git+https://github.com/skylark-langx/skylark-langx-ns.git#master",
        "skylark-langx-types": "git+https://github.com/skylark-langx/skylark-langx-types.git#master"
      }
    },
    "skylark-langx-objects": {
      "version": "git+https://github.com/skylark-langx/skylark-langx-objects.git#a8cbf0a8876068ceb7c315eda2630fd91edae256",
      "from": "git+https://github.com/skylark-langx/skylark-langx-objects.git#master",
      "requires": {
        "skylark-langx-ns": "git+https://github.com/skylark-langx/skylark-langx-ns.git#master",
        "skylark-langx-numbers": "git+https://github.com/skylark-langx/skylark-langx-numbers.git#master",
        "skylark-langx-types": "git+https://github.com/skylark-langx/skylark-langx-types.git#master"
      }
    },
    "skylark-langx-strings": {
      "version": "git+https://github.com/skylark-langx/skylark-langx-strings.git#86212a38f3902a44bfe9b6d0df9d17107e4d4e1e",
      "from": "git+https://github.com/skylark-langx/skylark-langx-strings.git#master",
      "requires": {
        "skylark-langx-ns": "git+https://github.com/skylark-langx/skylark-langx-ns.git#master"
      }
    },
    "skylark-langx-topic": {
      "version": "git+https://github.com/skylark-langx/skylark-langx-topic.git#d4844e8edba82a88ef186d7ff4e430be4bc0e164",
      "from": "git+https://github.com/skylark-langx/skylark-langx-topic.git#master",
      "requires": {
        "skylark-langx-emitter": "git+https://github.com/skylark-langx/skylark-langx-emitter.git#master",
        "skylark-langx-ns": "git+https://github.com/skylark-langx/skylark-langx-ns.git#master"
      }
    },
    "skylark-langx-types": {
      "version": "git+https://github.com/skylark-langx/skylark-langx-types.git#4243273142e1a995978628c60e7578a5a325c959",
      "from": "git+https://github.com/skylark-langx/skylark-langx-types.git#master",
      "requires": {
        "skylark-langx-ns": "git+https://github.com/skylark-langx/skylark-langx-ns.git#master"
      }
    },
    "skylark-net-http": {
      "version": "git+https://github.com/skylark-net/skylark-net-http.git#6edc40389579dee3b42e4a99465f1352f3f1f7a4",
      "from": "git+https://github.com/skylark-net/skylark-net-http.git#master",
      "requires": {
        "skylark-langx-arrays": "git+https://github.com/skylark-langx/skylark-langx-arrays.git#master",
        "skylark-langx-async": "git+https://github.com/skylark-langx/skylark-langx-async.git#master",
        "skylark-langx-emitter": "git+https://github.com/skylark-langx/skylark-langx-emitter.git#master",
        "skylark-langx-funcs": "git+https://github.com/skylark-langx/skylark-langx-funcs.git#master",
        "skylark-langx-ns": "git+https://github.com/skylark-langx/skylark-langx-ns.git#master",
        "skylark-langx-objects": "git+https://github.com/skylark-langx/skylark-langx-objects.git#master",
        "skylark-langx-strings": "git+https://github.com/skylark-langx/skylark-langx-strings.git#master",
        "skylark-langx-types": "git+https://github.com/skylark-langx/skylark-langx-types.git#master"
      }
    },
    "skylark-storages-cache": {
      "version": "git+https://github.com/skylark-io/skylark-storages-cache.git#d4e44b1db8b4b422ed36e65143f959369c6e4de5",
      "from": "git+https://github.com/skylark-io/skylark-storages-cache.git#master",
      "requires": {
        "skylark-langx": "git+https://github.com/skylark-langx/skylark-langx.git#master"
      }
    }
  }
}
