{
  "name": "skylark-slax-runtime",
  "version": "0.9.0",
  "lockfileVersion": 1,
  "requires": true,
  "dependencies": {
    "skylark-ajaxify-routers": {
      "version": "git+https://github.com/skylark-ajaxify/skylark-ajaxify-routers.git#6ce8438a18f2449a4bed0bee116a6db64a68896c",
      "from": "git+https://github.com/skylark-ajaxify/skylark-ajaxify-routers.git#master",
      "requires": {
        "skylark-langx": "git+https://github.com/skylark-langx/skylark-langx.git#master"
      }
    },
    "skylark-ajaxify-shells": {
      "version": "git+https://github.com/skylark-ajaxify/skylark-ajaxify-shells.git#22f970ec5c4aae7f061d4e9b7961dca0e28241f8",
      "from": "git+https://github.com/skylark-ajaxify/skylark-ajaxify-shells.git#master",
      "requires": {
        "skylark-bootbox4": "git+https://github.com/skylark-integration/skylark-bootbox4.git#master",
        "skylark-domx": "git+https://github.com/skylark-domx/skylark-domx.git#master",
        "skylark-domx-scripter": "git+https://github.com/skylark-domx/skylark-domx-scripter.git#master",
        "skylark-langx": "git+https://github.com/skylark-langx/skylark-langx.git#master",
        "skylark-nprogress": "git+https://github.com/skylark-integration/skylark-nprogress.git#master",
        "skylark-tinycon": "git+https://github.com/skylark-integration/skylark-tinycon.git#master",
        "skylark-visibility": "git+https://github.com/skylark-integration/skylark-visibility.git#master"
      }
    },
    "skylark-ajaxify-spa": {
      "version": "git+https://github.com/skylark-ajaxify/skylark-ajaxify-spa.git#bc34e0d778142b16e46aef2fdcfb62d88c7616f6",
      "from": "git+https://github.com/skylark-ajaxify/skylark-ajaxify-spa.git#master",
      "requires": {
        "skylark-ajaxify-routers": "git+https://github.com/skylark-ajaxify/skylark-ajaxify-routers.git#master",
        "skylark-langx": "git+https://github.com/skylark-langx/skylark-langx.git#master"
      }
    },
    "skylark-bootbox4": {
      "version": "git+https://github.com/skylark-integration/skylark-bootbox4.git#eff9479e454ec83ba2cec4f79f10fe83df96fb6f",
      "from": "git+https://github.com/skylark-integration/skylark-bootbox4.git#master",
      "requires": {
        "skylark-domx-plugins": "git+https://github.com/skylark-domx/skylark-domx-plugins.git#master",
        "skylark-langx": "git+https://github.com/skylark-langx/skylark-langx.git#master"
      }
    },
    "skylark-data-entities": {
      "version": "git+https://github.com/skylark-data/skylark-data-entities.git#886cf6f326833e32a6fee52c9528a6bdcc6394ba",
      "from": "git+https://github.com/skylark-data/skylark-data-entities.git#master",
      "requires": {
        "skylark-langx": "git+https://github.com/skylark-langx/skylark-langx.git#master"
      }
    },
    "skylark-domx": {
      "version": "git+https://github.com/skylark-domx/skylark-domx.git#c96f771901f38b4348cf682c69589d24fe4baff9",
      "from": "git+https://github.com/skylark-domx/skylark-domx.git#master",
      "requires": {
        "skylark-domx-browser": "git+https://github.com/skylark-domx/skylark-domx-browser.git#master",
        "skylark-domx-css": "git+https://github.com/skylark-domx/skylark-domx-css.git#master",
        "skylark-domx-data": "git+https://github.com/skylark-domx/skylark-domx-data.git#master",
        "skylark-domx-eventer": "git+https://github.com/skylark-domx/skylark-domx-eventer.git#master",
        "skylark-domx-finder": "git+https://github.com/skylark-domx/skylark-domx-finder.git#master",
        "skylark-domx-fx": "git+https://github.com/skylark-domx/skylark-domx-fx.git#master",
        "skylark-domx-geom": "git+https://github.com/skylark-domx/skylark-domx-geom.git#master",
        "skylark-domx-noder": "git+https://github.com/skylark-domx/skylark-domx-noder.git#master",
        "skylark-domx-plugins": "git+https://github.com/skylark-domx/skylark-domx-plugins.git#master",
        "skylark-domx-query": "git+https://github.com/skylark-domx/skylark-domx-query.git#master",
        "skylark-domx-scripter": "git+https://github.com/skylark-domx/skylark-domx-scripter.git#master",
        "skylark-domx-styler": "git+https://github.com/skylark-domx/skylark-domx-styler.git#master",
        "skylark-domx-transforms": "git+https://github.com/skylark-domx/skylark-domx-transforms.git#master",
        "skylark-domx-velm": "git+https://github.com/skylark-domx/skylark-domx-velm.git#master",
        "skylark-langx": "git+https://github.com/skylarklangx/skylark-langx.git#master"
      },
      "dependencies": {
        "skylark-langx": {
          "version": "git+https://github.com/skylarklangx/skylark-langx.git#f3a59e3aa8be296c3a4294ff537c904befa89581",
          "from": "git+https://github.com/skylarklangx/skylark-langx.git#master",
          "requires": {
            "skylark-langx-arrays": "git+https://github.com/skylark-langx/skylark-langx-arrays.git#master",
            "skylark-langx-aspect": "git+https://github.com/skylark-langx/skylark-langx-aspect.git#master",
            "skylark-langx-async": "git+https://github.com/skylark-langx/skylark-langx-async.git#master",
            "skylark-langx-binary": "git+https://github.com/skylark-langx/skylark-langx-binary.git#master",
            "skylark-langx-datetimes": "git+https://github.com/skylark-langx/skylark-langx-datetimes.git#master",
            "skylark-langx-events": "git+https://github.com/skylark-langx/skylark-langx-events.git#master",
            "skylark-langx-funcs": "git+https://github.com/skylark-langx/skylark-langx-funcs.git#master",
            "skylark-langx-hoster": "git+https://github.com/skylark-langx/skylark-langx-hoster.git#master",
            "skylark-langx-klass": "git+https://github.com/skylark-langx/skylark-langx-klass.git#master",
            "skylark-langx-maths": "git+https://github.com/skylark-langx/skylark-langx-maths.git#master",
            "skylark-langx-ns": "git+https://github.com/skylark-langx/skylark-langx-ns.git#master",
            "skylark-langx-numerics": "git+https://github.com/skylark-langx/skylark-langx-numerics.git#master",
            "skylark-langx-objects": "git+https://github.com/skylark-langx/skylark-langx-objects.git#master",
            "skylark-langx-strings": "git+https://github.com/skylark-langx/skylark-langx-strings.git#master",
            "skylark-langx-topic": "git+https://github.com/skylark-langx/skylark-langx-topic.git#master",
            "skylark-langx-types": "git+https://github.com/skylark-langx/skylark-langx-types.git#master"
          }
        }
      }
    },
    "skylark-domx-browser": {
      "version": "git+https://github.com/skylark-domx/skylark-domx-browser.git#3115f42214ee7732cd31bce65f376235b16d0402",
      "from": "git+https://github.com/skylark-domx/skylark-domx-browser.git#master",
      "requires": {
        "skylark-langx": "git+https://github.com/skylark-langx/skylark-langx.git#master"
      }
    },
    "skylark-domx-colors": {
      "version": "git+https://github.com/skylark-domx/skylark-domx-colors.git#5aea8e0df50338b4189e3e1174f6ade2a119a92b",
      "from": "git+https://github.com/skylark-domx/skylark-domx-colors.git#master",
      "requires": {
        "skylark-domx-eventer": "git+https://github.com/skylark-domx/skylark-domx-eventer.git#master",
        "skylark-domx-fx": "git+https://github.com/skylark-domx/skylark-domx-fx.git#master",
        "skylark-domx-interact": "git+https://github.com/skylark-domx/skylark-domx-interact.git#master",
        "skylark-domx-plugins": "git+https://github.com/skylark-domx/skylark-domx-plugins.git#master",
        "skylark-domx-popups": "git+https://github.com/skylark-domx/skylark-domx-popups.git#master",
        "skylark-domx-query": "git+https://github.com/skylark-domx/skylark-domx-query.git#master",
        "skylark-domx-styler": "git+https://github.com/skylark-domx/skylark-domx-styler.git#master",
        "skylark-graphics-color": "git+https://github.com/skylark-graphics/skylark-graphics-color.git#master",
        "skylark-langx": "git+https://github.com/skylark-langx/skylark-langx.git#master"
      }
    },
    "skylark-domx-css": {
      "version": "git+https://github.com/skylark-domx/skylark-domx-css.git#51a8b461211105fd5071a584e925af4d234d5da3",
      "from": "git+https://github.com/skylark-domx/skylark-domx-css.git#master",
      "requires": {
        "skylark-domx-noder": "git+https://github.com/skylark-domx/skylark-domx-noder.git#master",
        "skylark-langx": "git+https://github.com/skylark-langx/skylark-langx.git#master"
      }
    },
    "skylark-domx-data": {
      "version": "git+https://github.com/skylark-domx/skylark-domx-data.git#cb2ab7ec1db48cf27ad6f3b1e6613e109c4ac2a5",
      "from": "git+https://github.com/skylark-domx/skylark-domx-data.git#master",
      "requires": {
        "skylark-domx-finder": "git+https://github.com/skylark-domx/skylark-domx-finder.git#master",
        "skylark-domx-noder": "git+https://github.com/skylark-domx/skylark-domx-noder.git#master",
        "skylark-domx-query": "git+https://github.com/skylark-domx/skylark-domx-query.git#master",
        "skylark-domx-velm": "git+https://github.com/skylark-domx/skylark-domx-velm.git#master",
        "skylark-langx": "git+https://github.com/skylark-langx/skylark-langx.git#master"
      }
    },
    "skylark-domx-eventer": {
      "version": "git+https://github.com/skylark-domx/skylark-domx-eventer.git#2271e683219aa38fd3ccf78fcb0c89add3a1854f",
      "from": "git+https://github.com/skylark-domx/skylark-domx-eventer.git#master",
      "requires": {
        "skylark-domx-browser": "git+https://github.com/skylark-domx/skylark-domx-browser.git#master",
        "skylark-domx-data": "git+https://github.com/skylark-domx/skylark-domx-data.git#master",
        "skylark-domx-finder": "git+https://github.com/skylark-domx/skylark-domx-finder.git#master",
        "skylark-domx-noder": "git+https://github.com/skylark-domx/skylark-domx-noder.git#master",
        "skylark-domx-query": "git+https://github.com/skylark-domx/skylark-domx-query.git#master",
        "skylark-domx-velm": "git+https://github.com/skylark-domx/skylark-domx-velm.git#master",
        "skylark-langx": "git+https://github.com/skylark-langx/skylark-langx.git#master"
      }
    },
    "skylark-domx-files": {
      "version": "git+https://github.com/skylark-domx/skylark-domx-files.git#84807b722be8dc4d01180b512dc39d6ee853dfc9",
      "from": "git+https://github.com/skylark-domx/skylark-domx-files.git#master",
      "requires": {
        "skylark-domx-eventer": "git+https://github.com/skylark-domx/skylark-domx-eventer.git#master",
        "skylark-domx-plugins": "git+https://github.com/skylark-domx/skylark-domx-plugins.git#master",
        "skylark-domx-query": "git+https://github.com/skylark-domx/skylark-domx-query.git#master",
        "skylark-domx-styler": "git+https://github.com/skylark-domx/skylark-domx-styler.git#master",
        "skylark-domx-velm": "git+https://github.com/skylark-domx/skylark-domx-velm.git#master",
        "skylark-io-diskfs": "git+https://github.com/skylark-io/skylark-io-diskfs.git#master",
        "skylark-langx": "git+https://github.com/skylark-langx/skylark-langx.git#master",
        "skylark-net-http": "git+https://github.com/skylark-net/skylark-net-http.git#master"
      }
    },
    "skylark-domx-finder": {
      "version": "git+https://github.com/skylark-domx/skylark-domx-finder.git#8c371f550ef49c20170700693ff9b3e77df2ba39",
      "from": "git+https://github.com/skylark-domx/skylark-domx-finder.git#master",
      "requires": {
        "skylark-domx-browser": "git+https://github.com/skylark-domx/skylark-domx-browser.git#master",
        "skylark-domx-noder": "git+https://github.com/skylark-domx/skylark-domx-noder.git#master",
        "skylark-langx": "git+https://github.com/skylark-langx/skylark-langx.git#master"
      }
    },
    "skylark-domx-forms": {
      "version": "git+https://github.com/skylark-domx/skylark-domx-forms.git#9c59df9cd18cc5d46ee24d8ac513224a7fc66655",
      "from": "git+https://github.com/skylark-domx/skylark-domx-forms.git#master",
      "requires": {
        "skylark-domx-data": "git+https://github.com/skylark-domx/skylark-domx-data.git#master",
        "skylark-domx-query": "git+https://github.com/skylark-domx/skylark-domx-query.git#master",
        "skylark-domx-velm": "git+https://github.com/skylark-domx/skylark-domx-velm.git#master",
        "skylark-langx": "git+https://github.com/skylark-langx/skylark-langx.git#master"
      }
    },
    "skylark-domx-fx": {
      "version": "git+https://github.com/skylark-domx/skylark-domx-fx.git#579bf199aaa6c8f1a2e06ffb6d0f8ceaa9972e24",
      "from": "git+https://github.com/skylark-domx/skylark-domx-fx.git#master",
      "requires": {
        "skylark-domx-browser": "git+https://github.com/skylark-domx/skylark-domx-browser.git#master",
        "skylark-domx-eventer": "git+https://github.com/skylark-domx/skylark-domx-eventer.git#master",
        "skylark-domx-geom": "git+https://github.com/skylark-domx/skylark-domx-geom.git#master",
        "skylark-domx-noder": "git+https://github.com/skylark-domx/skylark-domx-noder.git#master",
        "skylark-domx-query": "git+https://github.com/skylark-domx/skylark-domx-query.git#master",
        "skylark-domx-styler": "git+https://github.com/skylark-domx/skylark-domx-styler.git#master",
        "skylark-domx-velm": "git+https://github.com/skylark-domx/skylark-domx-velm.git#master",
        "skylark-langx": "git+https://github.com/skylark-langx/skylark-langx.git#master"
      }
    },
    "skylark-domx-geom": {
      "version": "git+https://github.com/skylark-domx/skylark-domx-geom.git#bb3e2352f1c104df3f64a6f2465b6ded8d1837b7",
      "from": "git+https://github.com/skylark-domx/skylark-domx-geom.git#master",
      "requires": {
        "skylark-domx-noder": "git+https://github.com/skylark-domx/skylark-domx-noder.git#master",
        "skylark-domx-query": "git+https://github.com/skylark-domx/skylark-domx-query.git#master",
        "skylark-domx-styler": "git+https://github.com/skylark-domx/skylark-domx-styler.git#master",
        "skylark-domx-velm": "git+https://github.com/skylark-domx/skylark-domx-velm.git#master",
        "skylark-langx": "git+https://github.com/skylark-langx/skylark-langx.git#master"
      }
    },
    "skylark-domx-images": {
      "version": "git+https://github.com/skylark-domx/skylark-domx-images.git#68d86738c25df31292ef4c66af53de0f2f6e9d8a",
      "from": "git+https://github.com/skylark-domx/skylark-domx-images.git#master",
      "requires": {
        "skylark-domx-data": "git+https://github.com/skylark-domx/skylark-domx-data.git#master",
        "skylark-domx-eventer": "git+https://github.com/skylark-domx/skylark-domx-eventer.git#master",
        "skylark-domx-finder": "git+https://github.com/skylark-domx/skylark-domx-finder.git#master",
        "skylark-domx-geom": "git+https://github.com/skylark-domx/skylark-domx-geom.git#master",
        "skylark-domx-noder": "git+https://github.com/skylark-domx/skylark-domx-noder.git#master",
        "skylark-domx-query": "git+https://github.com/skylark-domx/skylark-domx-query.git#master",
        "skylark-domx-styler": "git+https://github.com/skylark-domx/skylark-domx-styler.git#master",
        "skylark-domx-transforms": "git+https://github.com/skylark-domx/skylark-domx-transforms.git#master",
        "skylark-langx": "git+https://github.com/skylark-langx/skylark-langx.git#master"
      }
    },
    "skylark-domx-interact": {
      "version": "git+https://github.com/skylark-domx/skylark-domx-interact.git#f08aef283ffc1541db3754b8dfdc185604240af7",
      "from": "git+https://github.com/skylark-domx/skylark-domx-interact.git#master",
      "requires": {
        "skylark-domx-data": "git+https://github.com/skylark-domx/skylark-domx-data.git#master",
        "skylark-domx-eventer": "git+https://github.com/skylark-domx/skylark-domx-eventer.git#master",
        "skylark-domx-finder": "git+https://github.com/skylark-domx/skylark-domx-finder.git#master",
        "skylark-domx-fx": "git+https://github.com/skylark-domx/skylark-domx-fx.git#master",
        "skylark-domx-geom": "git+https://github.com/skylark-domx/skylark-domx-geom.git#master",
        "skylark-domx-noder": "git+https://github.com/skylark-domx/skylark-domx-noder.git#master",
        "skylark-domx-plugins": "git+https://github.com/skylark-domx/skylark-domx-plugins.git#master",
        "skylark-domx-query": "git+https://github.com/skylark-domx/skylark-domx-query.git#master",
        "skylark-domx-styler": "git+https://github.com/skylark-domx/skylark-domx-styler.git#master",
        "skylark-domx-velm": "git+https://github.com/skylark-domx/skylark-domx-velm.git#master",
        "skylark-langx": "git+https://github.com/skylark-langx/skylark-langx.git#master"
      }
    },
    "skylark-domx-noder": {
      "version": "git+https://github.com/skylark-domx/skylark-domx-noder.git#f0e107eb16107583557efbdc3793fd043e2cc52b",
      "from": "git+https://github.com/skylark-domx/skylark-domx-noder.git#master",
      "requires": {
        "skylark-domx-browser": "git+https://github.com/skylark-domx/skylark-domx-browser.git#master",
        "skylark-langx": "git+https://github.com/skylark-langx/skylark-langx.git#master"
      }
    },
    "skylark-domx-plugins": {
      "version": "git+https://github.com/skylark-domx/skylark-domx-plugins.git#5fe6a667da8780358c4d9fe623834314cf0ffd77",
      "from": "git+https://github.com/skylark-domx/skylark-domx-plugins.git#master",
      "requires": {
        "skylark-domx-data": "git+https://github.com/skylark-domx/skylark-domx-data.git#master",
        "skylark-domx-eventer": "git+https://github.com/skylark-domx/skylark-domx-eventer.git#master",
        "skylark-domx-finder": "git+https://github.com/skylark-domx/skylark-domx-finder.git#master",
        "skylark-domx-fx": "git+https://github.com/skylark-domx/skylark-domx-fx.git#master",
        "skylark-domx-geom": "git+https://github.com/skylark-domx/skylark-domx-geom.git#master",
        "skylark-domx-noder": "git+https://github.com/skylark-domx/skylark-domx-noder.git#master",
        "skylark-domx-query": "git+https://github.com/skylark-domx/skylark-domx-query.git#master",
        "skylark-domx-styler": "git+https://github.com/skylark-domx/skylark-domx-styler.git#master",
        "skylark-domx-velm": "git+https://github.com/skylark-domx/skylark-domx-velm.git#master",
        "skylark-langx": "git+https://github.com/skylark-langx/skylark-langx.git#master"
      }
    },
    "skylark-domx-popups": {
      "version": "git+https://github.com/skylark-domx/skylark-domx-popups.git#7c8570cfb70ac8638f2c122544f6419f83783e64",
      "from": "git+https://github.com/skylark-domx/skylark-domx-popups.git#master",
      "requires": {
        "skylark-domx-geom": "git+https://github.com/skylark-domx/skylark-domx-geom.git#master",
        "skylark-domx-plugins": "git+https://github.com/skylark-domx/skylark-domx-plugins.git#master",
        "skylark-langx-ns": "git+https://github.com/skylark-langx/skylark-langx-ns.git#master"
      }
    },
    "skylark-domx-query": {
      "version": "git+https://github.com/skylark-domx/skylark-domx-query.git#0920b8e5ab8cf6546105ba67a56d0077ee449940",
      "from": "git+https://github.com/skylark-domx/skylark-domx-query.git#master",
      "requires": {
        "skylark-domx-browser": "git+https://github.com/skylark-domx/skylark-domx-browser.git#master",
        "skylark-domx-finder": "git+https://github.com/skylark-domx/skylark-domx-finder.git#master",
        "skylark-domx-noder": "git+https://github.com/skylark-domx/skylark-domx-noder.git#master",
        "skylark-langx": "git+https://github.com/skylark-langx/skylark-langx.git#master"
      }
    },
    "skylark-domx-scripter": {
      "version": "git+https://github.com/skylark-domx/skylark-domx-scripter.git#72ef26c116cb8f73058b8b5ad9176576ae85a443",
      "from": "git+https://github.com/skylark-domx/skylark-domx-scripter.git#master",
      "requires": {
        "skylark-domx-finder": "git+https://github.com/skylark-domx/skylark-domx-finder.git#master",
        "skylark-domx-noder": "git+https://github.com/skylark-domx/skylark-domx-noder.git#master",
        "skylark-domx-query": "git+https://github.com/skylark-domx/skylark-domx-query.git#master",
        "skylark-domx-velm": "git+https://github.com/skylark-domx/skylark-domx-velm.git#master",
        "skylark-langx": "git+https://github.com/skylark-langx/skylark-langx.git#master"
      }
    },
    "skylark-domx-styler": {
      "version": "git+https://github.com/skylark-domx/skylark-domx-styler.git#1cd3790621a01492e349a970cc601379d45e9e1c",
      "from": "git+https://github.com/skylark-domx/skylark-domx-styler.git#master",
      "requires": {
        "skylark-domx-query": "git+https://github.com/skylark-domx/skylark-domx-query.git#master",
        "skylark-domx-velm": "git+https://github.com/skylark-domx/skylark-domx-velm.git#master",
        "skylark-langx": "git+https://github.com/skylark-langx/skylark-langx.git#master"
      }
    },
    "skylark-domx-transforms": {
      "version": "git+https://github.com/skylark-domx/skylark-domx-transforms.git#a89f29e919063e4be5b0efc2108dbfbfef3eb910",
      "from": "git+https://github.com/skylark-domx/skylark-domx-transforms.git#master",
      "requires": {
        "skylark-domx-browser": "git+https://github.com/skylark-domx/skylark-domx-browser.git#master",
        "skylark-domx-data": "git+https://github.com/skylark-domx/skylark-domx-data.git#master",
        "skylark-domx-noder": "git+https://github.com/skylark-domx/skylark-domx-noder.git#master",
        "skylark-domx-styler": "git+https://github.com/skylark-domx/skylark-domx-styler.git#master",
        "skylark-langx": "git+https://github.com/skylark-langx/skylark-langx.git#master"
      }
    },
    "skylark-domx-velm": {
      "version": "git+https://github.com/skylark-domx/skylark-domx-velm.git#76e850c8aa47015b68d94e5a57c6e02b130d3b7c",
      "from": "git+https://github.com/skylark-domx/skylark-domx-velm.git#master",
      "requires": {
        "skylark-domx-finder": "git+https://github.com/skylark-domx/skylark-domx-finder.git#master",
        "skylark-domx-noder": "git+https://github.com/skylark-domx/skylark-domx-noder.git#master",
        "skylark-domx-query": "git+https://github.com/skylark-domx/skylark-domx-query.git#master",
        "skylark-langx": "git+https://github.com/skylark-langx/skylark-langx.git#master"
      }
    },
    "skylark-graphics-color": {
      "version": "git+https://github.com/skylark-graphics/skylark-graphics-color.git#085bfd906b35ec6f7bd92a29b9941c7546895e3c",
      "from": "git+https://github.com/skylark-graphics/skylark-graphics-color.git#master",
      "requires": {
        "skylark-langx-klass": "git+https://github.com/skylark-langx/skylark-langx-klass.git#master",
        "skylark-langx-ns": "git+https://github.com/skylark-langx/skylark-langx-ns.git#master",
        "skylark-langx-strings": "git+https://github.com/skylark-langx/skylark-langx-strings.git#master",
        "skylark-langx-types": "git+https://github.com/skylark-langx/skylark-langx-types.git#master"
      }
    },
    "skylark-io-caches": {
      "version": "git+https://github.com/skylark-io/skylark-io-caches.git#eb2b14809f4e12a72fed7bab12ba579d61bca0e1",
      "from": "git+https://github.com/skylark-io/skylark-io-caches.git#master",
      "requires": {
        "skylark-langx": "git+https://github.com/skylark-langx/skylark-langx.git#master"
      }
    },
    "skylark-io-diskfs": {
      "version": "git+https://github.com/skylark-io/skylark-io-diskfs.git#1c1da2b9731785dd9a77f3057793690031ec0bd9",
      "from": "git+https://github.com/skylark-io/skylark-io-diskfs.git#master",
      "requires": {
        "skylark-langx": "git+https://github.com/skylark-langx/skylark-langx.git#master"
      }
    },
    "skylark-io-streams": {
      "version": "git+https://github.com/skylark-io/skylark-io-streams.git#7f8fa867596e7f939f645f85be9d16628fb4d84e",
      "from": "git+https://github.com/skylark-io/skylark-io-streams.git#master",
      "requires": {
        "skylark-langx": "git+https://github.com/skylark-langx/skylark-langx.git#master"
      }
    },
    "skylark-jquery": {
      "version": "git+https://github.com/skylark-integration/skylark-jquery.git#6814ba4fd924f0dfcdc6dd86078668dfa84334ef",
      "from": "git+https://github.com/skylark-integration/skylark-jquery.git#master",
      "requires": {
        "skylark-domx-data": "git+https://github.com/skylark-domx/skylark-domx-data.git#master",
        "skylark-domx-eventer": "git+https://github.com/skylark-domx/skylark-domx-eventer.git#master",
        "skylark-domx-finder": "git+https://github.com/skylark-domx/skylark-domx-finder.git#master",
        "skylark-domx-forms": "git+https://github.com/skylark-domx/skylark-domx-forms.git#master",
        "skylark-domx-fx": "git+https://github.com/skylark-domx/skylark-domx-fx.git#master",
        "skylark-domx-geom": "git+https://github.com/skylark-domx/skylark-domx-geom.git#master",
        "skylark-domx-noder": "git+https://github.com/skylark-domx/skylark-domx-noder.git#master",
        "skylark-domx-plugins": "git+https://github.com/skylark-domx/skylark-domx-plugins.git#master",
        "skylark-domx-query": "git+https://github.com/skylark-domx/skylark-domx-query.git#master",
        "skylark-domx-scripter": "git+https://github.com/skylark-domx/skylark-domx-scripter.git#master",
        "skylark-domx-styler": "git+https://github.com/skylark-domx/skylark-domx-styler.git#master",
        "skylark-domx-velm": "git+https://github.com/skylark-domx/skylark-domx-velm.git#master",
        "skylark-langx": "git+https://github.com/skylark-langx/skylark-langx.git#master",
        "skylark-net-http": "git+https://github.com/skylark-net/skylark-net-http.git#master"
      }
    },
    "skylark-langx": {
      "version": "git+https://github.com/skylark-langx/skylark-langx.git#f3a59e3aa8be296c3a4294ff537c904befa89581",
      "from": "git+https://github.com/skylark-langx/skylark-langx.git#master",
      "requires": {
        "skylark-langx-arrays": "git+https://github.com/skylark-langx/skylark-langx-arrays.git#master",
        "skylark-langx-aspect": "git+https://github.com/skylark-langx/skylark-langx-aspect.git#master",
        "skylark-langx-async": "git+https://github.com/skylark-langx/skylark-langx-async.git#master",
        "skylark-langx-binary": "git+https://github.com/skylark-langx/skylark-langx-binary.git#master",
        "skylark-langx-datetimes": "git+https://github.com/skylark-langx/skylark-langx-datetimes.git#master",
        "skylark-langx-events": "git+https://github.com/skylark-langx/skylark-langx-events.git#master",
        "skylark-langx-funcs": "git+https://github.com/skylark-langx/skylark-langx-funcs.git#master",
        "skylark-langx-hoster": "git+https://github.com/skylark-langx/skylark-langx-hoster.git#master",
        "skylark-langx-klass": "git+https://github.com/skylark-langx/skylark-langx-klass.git#master",
        "skylark-langx-maths": "git+https://github.com/skylark-langx/skylark-langx-maths.git#master",
        "skylark-langx-ns": "git+https://github.com/skylark-langx/skylark-langx-ns.git#master",
        "skylark-langx-numerics": "git+https://github.com/skylark-langx/skylark-langx-numerics.git#master",
        "skylark-langx-objects": "git+https://github.com/skylark-langx/skylark-langx-objects.git#master",
        "skylark-langx-strings": "git+https://github.com/skylark-langx/skylark-langx-strings.git#master",
        "skylark-langx-topic": "git+https://github.com/skylark-langx/skylark-langx-topic.git#master",
        "skylark-langx-types": "git+https://github.com/skylark-langx/skylark-langx-types.git#master"
      }
    },
    "skylark-langx-arrays": {
      "version": "git+https://github.com/skylark-langx/skylark-langx-arrays.git#46e034beb1ad156a40df722aa6529ea1907c6654",
      "from": "git+https://github.com/skylark-langx/skylark-langx-arrays.git#master",
      "requires": {
        "skylark-langx-ns": "git+https://github.com/skylark-langx/skylark-langx-ns.git#master",
        "skylark-langx-objects": "git+https://github.com/skylark-langx/skylark-langx-objects.git#master",
        "skylark-langx-types": "git+https://github.com/skylark-langx/skylark-langx-types.git#master"
      }
    },
    "skylark-langx-aspect": {
      "version": "git+https://github.com/skylark-langx/skylark-langx-aspect.git#b563751aa50a08a767993c64842d6298999d7f89",
      "from": "git+https://github.com/skylark-langx/skylark-langx-aspect.git#master",
      "requires": {
        "skylark-langx-ns": "git+https://github.com/skylark-langx/skylark-langx-ns.git#master"
      }
    },
    "skylark-langx-async": {
      "version": "git+https://github.com/skylark-langx/skylark-langx-async.git#250c620daa8e3b6d8da43d8adaed330497652743",
      "from": "git+https://github.com/skylark-langx/skylark-langx-async.git#master",
      "requires": {
        "skylark-langx-arrays": "git+https://github.com/skylark-langx/skylark-langx-arrays.git#master",
        "skylark-langx-funcs": "git+https://github.com/skylark-langx/skylark-langx-funcs.git#master",
        "skylark-langx-ns": "git+https://github.com/skylark-langx/skylark-langx-ns.git#master",
        "skylark-langx-objects": "git+https://github.com/skylark-langx/skylark-langx-objects.git#master",
        "skylark-langx-types": "git+https://github.com/skylark-langx/skylark-langx-types.git#master"
      }
    },
    "skylark-langx-binary": {
      "version": "git+https://github.com/skylark-langx/skylark-langx-binary.git#d77c100aa8534e8bfd61ae91dff17283ff1148ec",
      "from": "git+https://github.com/skylark-langx/skylark-langx-binary.git#master",
      "requires": {
        "skylark-langx-ns": "git+https://github.com/skylark-langx/skylark-langx-ns.git#master",
        "skylark-langx-types": "git+https://github.com/skylark-langx/skylark-langx-types.git#master"
      }
    },
    "skylark-langx-datetimes": {
      "version": "git+https://github.com/skylark-langx/skylark-langx-datetimes.git#1e07f2b15d0065d9e3b2004a7f060507a9576ebd",
      "from": "git+https://github.com/skylark-langx/skylark-langx-datetimes.git#master",
      "requires": {
        "skylark-langx-ns": "git+https://github.com/skylark-langx/skylark-langx-ns.git#master"
      }
    },
    "skylark-langx-emitter": {
      "version": "git+https://github.com/skylark-langx/skylark-langx-emitter.git#723f5f4bd6cf437238fa2eab2ad76d5e4e0b1324",
      "from": "git+https://github.com/skylark-langx/skylark-langx-emitter.git#master",
      "requires": {
        "skylark-langx-events": "git+https://github.com/skylark-langx/skylark-langx-events.git#master"
      }
    },
    "skylark-langx-events": {
      "version": "git+https://github.com/skylark-langx/skylark-langx-events.git#490bb89b90f63291819b920f72e494bac870862c",
      "from": "git+https://github.com/skylark-langx/skylark-langx-events.git#master",
      "requires": {
        "skylark-langx-arrays": "git+https://github.com/skylark-langx/skylark-langx-arrays.git#master",
        "skylark-langx-funcs": "git+https://github.com/skylark-langx/skylark-langx-funcs.git#master",
        "skylark-langx-hoster": "git+https://github.com/skylark-langx/skylark-langx-hoster.git#master",
        "skylark-langx-klass": "git+https://github.com/skylark-langx/skylark-langx-klass.git#master",
        "skylark-langx-ns": "git+https://github.com/skylark-langx/skylark-langx-ns.git#master",
        "skylark-langx-objects": "git+https://github.com/skylark-langx/skylark-langx-objects.git#master",
        "skylark-langx-types": "git+https://github.com/skylark-langx/skylark-langx-types.git#master"
      }
    },
    "skylark-langx-funcs": {
      "version": "git+https://github.com/skylark-langx/skylark-langx-funcs.git#03309cd883511dc89cb9caf9553ed02768cc63d3",
      "from": "git+https://github.com/skylark-langx/skylark-langx-funcs.git#master",
      "requires": {
        "skylark-langx-ns": "git+https://github.com/skylark-langx/skylark-langx-ns.git#master",
        "skylark-langx-objects": "git+https://github.com/skylark-langx/skylark-langx-objects.git#master",
        "skylark-langx-types": "git+https://github.com/skylark-langx/skylark-langx-types.git#master"
      }
    },
    "skylark-langx-hoster": {
      "version": "git+https://github.com/skylark-langx/skylark-langx-hoster.git#61217b2eb2ce6d4d2923cd62b9deec3ee9f94d70",
      "from": "git+https://github.com/skylark-langx/skylark-langx-hoster.git#master",
      "requires": {
        "skylark-langx-ns": "git+https://github.com/skylark-langx/skylark-langx-ns.git#master"
      }
    },
    "skylark-langx-klass": {
      "version": "git+https://github.com/skylark-langx/skylark-langx-klass.git#bee8937fad14ad9ced2ecdae8a60156964c571d2",
      "from": "git+https://github.com/skylark-langx/skylark-langx-klass.git#master",
      "requires": {
        "skylark-langx-arrays": "git+https://github.com/skylark-langx/skylark-langx-arrays.git#master",
        "skylark-langx-ns": "git+https://github.com/skylark-langx/skylark-langx-ns.git#master",
        "skylark-langx-objects": "git+https://github.com/skylark-langx/skylark-langx-objects.git#master",
        "skylark-langx-types": "git+https://github.com/skylark-langx/skylark-langx-types.git#master"
      }
    },
    "skylark-langx-maths": {
      "version": "git+https://github.com/skylark-langx/skylark-langx-maths.git#f5c9f5d91c9f2a0e09761113606e7b11f0351bd6",
      "from": "git+https://github.com/skylark-langx/skylark-langx-maths.git#master",
      "requires": {
        "skylark-langx-ns": "git+https://github.com/skylark-langx/skylark-langx-ns.git#master",
        "skylark-langx-types": "git+https://github.com/skylark-langx/skylark-langx-types.git#master"
      }
    },
    "skylark-langx-ns": {
      "version": "git+https://github.com/skylark-langx/skylark-langx-ns.git#a2c2d17dd695e6a11de77d82a0a050da8ffd2759",
      "from": "git+https://github.com/skylark-langx/skylark-langx-ns.git#master"
    },
    "skylark-langx-numerics": {
      "version": "git+https://github.com/skylark-langx/skylark-langx-numerics.git#9da86c763e71ddfa2ba6a8696d59997f165bd2c2",
      "from": "git+https://github.com/skylark-langx/skylark-langx-numerics.git#master",
      "requires": {
        "skylark-langx-maths": "git+https://github.com/skylark-langx/skylark-langx-maths.git#master",
        "skylark-langx-ns": "git+https://github.com/skylark-langx/skylark-langx-ns.git#master",
        "skylark-langx-types": "git+https://github.com/skylark-langx/skylark-langx-types.git#master"
      }
    },
    "skylark-langx-objects": {
      "version": "git+https://github.com/skylark-langx/skylark-langx-objects.git#3fd90f67a493e5311c61acbadb94d6c1776d5bc5",
      "from": "git+https://github.com/skylark-langx/skylark-langx-objects.git#master",
      "requires": {
        "skylark-langx-ns": "git+https://github.com/skylark-langx/skylark-langx-ns.git#master",
        "skylark-langx-types": "git+https://github.com/skylark-langx/skylark-langx-types.git#master"
      }
    },
    "skylark-langx-strings": {
      "version": "git+https://github.com/skylark-langx/skylark-langx-strings.git#b12338e0cd6d4b16276214b963256077b9be8abb",
      "from": "git+https://github.com/skylark-langx/skylark-langx-strings.git#master",
      "requires": {
        "skylark-langx-ns": "git+https://github.com/skylark-langx/skylark-langx-ns.git#master"
      }
    },
    "skylark-langx-topic": {
      "version": "git+https://github.com/skylark-langx/skylark-langx-topic.git#d4844e8edba82a88ef186d7ff4e430be4bc0e164",
      "from": "git+https://github.com/skylark-langx/skylark-langx-topic.git#master",
      "requires": {
        "skylark-langx-emitter": "git+https://github.com/skylark-langx/skylark-langx-emitter.git#master",
        "skylark-langx-ns": "git+https://github.com/skylark-langx/skylark-langx-ns.git#master"
      }
    },
    "skylark-langx-types": {
      "version": "git+https://github.com/skylark-langx/skylark-langx-types.git#96087ff4d9ddc363b75203a960e7ccedfc61d1ea",
      "from": "git+https://github.com/skylark-langx/skylark-langx-types.git#master",
      "requires": {
        "skylark-langx-ns": "git+https://github.com/skylark-langx/skylark-langx-ns.git#master"
      }
    },
    "skylark-net-http": {
      "version": "git+https://github.com/skylark-net/skylark-net-http.git#6edc40389579dee3b42e4a99465f1352f3f1f7a4",
      "from": "git+https://github.com/skylark-net/skylark-net-http.git#master",
      "requires": {
        "skylark-langx-arrays": "git+https://github.com/skylark-langx/skylark-langx-arrays.git#master",
        "skylark-langx-async": "git+https://github.com/skylark-langx/skylark-langx-async.git#master",
        "skylark-langx-emitter": "git+https://github.com/skylark-langx/skylark-langx-emitter.git#master",
        "skylark-langx-funcs": "git+https://github.com/skylark-langx/skylark-langx-funcs.git#master",
        "skylark-langx-ns": "git+https://github.com/skylark-langx/skylark-langx-ns.git#master",
        "skylark-langx-objects": "git+https://github.com/skylark-langx/skylark-langx-objects.git#master",
        "skylark-langx-strings": "git+https://github.com/skylark-langx/skylark-langx-strings.git#master",
        "skylark-langx-types": "git+https://github.com/skylark-langx/skylark-langx-types.git#master"
      }
    },
    "skylark-nprogress": {
      "version": "git+https://github.com/skylark-integration/skylark-nprogress.git#501d12e6e7496dbfe924fa2a1bbdf4fd2e73a9c0",
      "from": "git+https://github.com/skylark-integration/skylark-nprogress.git#master",
      "requires": {
        "skylark-langx": "git+https://github.com/skylark-langx/skylark-langx.git#master"
      }
    },
    "skylark-tinycon": {
      "version": "git+https://github.com/skylark-integration/skylark-tinycon.git#46e2cecfdbfbd12c539acfd98e1c45976b9961b7",
      "from": "git+https://github.com/skylark-integration/skylark-tinycon.git#master",
      "requires": {
        "skylark-langx": "git+https://github.com/skylark-langx/skylark-langx.git#master"
      }
    },
    "skylark-visibility": {
      "version": "git+https://github.com/skylark-integration/skylark-visibility.git#beff44b0fa2004e3c5c6f4d3cba9e652c8f850b4",
      "from": "git+https://github.com/skylark-integration/skylark-visibility.git#master",
      "requires": {
        "skylark-langx": "git+https://github.com/skylark-langx/skylark-langx.git#master"
      }
    }
  }
}
